// !$*UTF8*$!
{
	archiveVersion = 1;
	classes = {
	};
	objectVersion = 46;
	objects = {

/* Begin PBXBuildFile section */
		493F57291F21F32B009EC8FA /* Queuer.framework in Frameworks */ = {isa = PBXBuildFile; fileRef = 493F57201F21F32B009EC8FA /* Queuer.framework */; };
		4946BDF6214D586900FAFC84 /* Scheduler.swift in Sources */ = {isa = PBXBuildFile; fileRef = 4946BDF5214D586900FAFC84 /* Scheduler.swift */; };
		4946BDF7214D586900FAFC84 /* Scheduler.swift in Sources */ = {isa = PBXBuildFile; fileRef = 4946BDF5214D586900FAFC84 /* Scheduler.swift */; };
		4946BDF8214D586900FAFC84 /* Scheduler.swift in Sources */ = {isa = PBXBuildFile; fileRef = 4946BDF5214D586900FAFC84 /* Scheduler.swift */; };
		4946BDF9214D586900FAFC84 /* Scheduler.swift in Sources */ = {isa = PBXBuildFile; fileRef = 4946BDF5214D586900FAFC84 /* Scheduler.swift */; };
		4946BDFB214D5C0100FAFC84 /* SchedulerTests.swift in Sources */ = {isa = PBXBuildFile; fileRef = 4946BDFA214D5C0100FAFC84 /* SchedulerTests.swift */; };
		4946BDFC214D5C0100FAFC84 /* SchedulerTests.swift in Sources */ = {isa = PBXBuildFile; fileRef = 4946BDFA214D5C0100FAFC84 /* SchedulerTests.swift */; };
		4946BDFD214D5C0100FAFC84 /* SchedulerTests.swift in Sources */ = {isa = PBXBuildFile; fileRef = 4946BDFA214D5C0100FAFC84 /* SchedulerTests.swift */; };
		4995D7431F21E19C00A34E6E /* Queuer.framework in Frameworks */ = {isa = PBXBuildFile; fileRef = 4995D7391F21E19B00A34E6E /* Queuer.framework */; };
		4995D76F1F21ED1C00A34E6E /* Queuer.framework in Frameworks */ = {isa = PBXBuildFile; fileRef = 4995D7661F21ED1B00A34E6E /* Queuer.framework */; };
		49B28E2C1F27EDCB00D0819A /* Queuer.h in Headers */ = {isa = PBXBuildFile; fileRef = 49C7BCC11F26938F00F4FFBC /* Queuer.h */; settings = {ATTRIBUTES = (Public, ); }; };
		49B28E2D1F27EDCC00D0819A /* Queuer.h in Headers */ = {isa = PBXBuildFile; fileRef = 49C7BCC11F26938F00F4FFBC /* Queuer.h */; settings = {ATTRIBUTES = (Public, ); }; };
		49B28E2E1F27EDCC00D0819A /* Queuer.h in Headers */ = {isa = PBXBuildFile; fileRef = 49C7BCC11F26938F00F4FFBC /* Queuer.h */; settings = {ATTRIBUTES = (Public, ); }; };
		49C7BCCE1F26938F00F4FFBC /* ConcurrentOperation.swift in Sources */ = {isa = PBXBuildFile; fileRef = 49C7BCBB1F26938F00F4FFBC /* ConcurrentOperation.swift */; };
		49C7BCCF1F26938F00F4FFBC /* Queuer.swift in Sources */ = {isa = PBXBuildFile; fileRef = 49C7BCBC1F26938F00F4FFBC /* Queuer.swift */; };
		49C7BCD11F26938F00F4FFBC /* Semaphore.swift in Sources */ = {isa = PBXBuildFile; fileRef = 49C7BCBE1F26938F00F4FFBC /* Semaphore.swift */; };
		49C7BCD21F26938F00F4FFBC /* SynchronousOperation.swift in Sources */ = {isa = PBXBuildFile; fileRef = 49C7BCBF1F26938F00F4FFBC /* SynchronousOperation.swift */; };
		49C7BCD41F26938F00F4FFBC /* Queuer.h in Headers */ = {isa = PBXBuildFile; fileRef = 49C7BCC11F26938F00F4FFBC /* Queuer.h */; settings = {ATTRIBUTES = (Public, ); }; };
		49C7BCD51F26939900F4FFBC /* ConcurrentOperation.swift in Sources */ = {isa = PBXBuildFile; fileRef = 49C7BCBB1F26938F00F4FFBC /* ConcurrentOperation.swift */; };
		49C7BCD61F26939900F4FFBC /* Queuer.swift in Sources */ = {isa = PBXBuildFile; fileRef = 49C7BCBC1F26938F00F4FFBC /* Queuer.swift */; };
		49C7BCD81F26939900F4FFBC /* Semaphore.swift in Sources */ = {isa = PBXBuildFile; fileRef = 49C7BCBE1F26938F00F4FFBC /* Semaphore.swift */; };
		49C7BCD91F26939900F4FFBC /* SynchronousOperation.swift in Sources */ = {isa = PBXBuildFile; fileRef = 49C7BCBF1F26938F00F4FFBC /* SynchronousOperation.swift */; };
		49C7BCDB1F26939A00F4FFBC /* ConcurrentOperation.swift in Sources */ = {isa = PBXBuildFile; fileRef = 49C7BCBB1F26938F00F4FFBC /* ConcurrentOperation.swift */; };
		49C7BCDC1F26939A00F4FFBC /* Queuer.swift in Sources */ = {isa = PBXBuildFile; fileRef = 49C7BCBC1F26938F00F4FFBC /* Queuer.swift */; };
		49C7BCDE1F26939A00F4FFBC /* Semaphore.swift in Sources */ = {isa = PBXBuildFile; fileRef = 49C7BCBE1F26938F00F4FFBC /* Semaphore.swift */; };
		49C7BCDF1F26939A00F4FFBC /* SynchronousOperation.swift in Sources */ = {isa = PBXBuildFile; fileRef = 49C7BCBF1F26938F00F4FFBC /* SynchronousOperation.swift */; };
		49C7BCE11F26939A00F4FFBC /* ConcurrentOperation.swift in Sources */ = {isa = PBXBuildFile; fileRef = 49C7BCBB1F26938F00F4FFBC /* ConcurrentOperation.swift */; };
		49C7BCE21F26939A00F4FFBC /* Queuer.swift in Sources */ = {isa = PBXBuildFile; fileRef = 49C7BCBC1F26938F00F4FFBC /* Queuer.swift */; };
		49C7BCE41F26939A00F4FFBC /* Semaphore.swift in Sources */ = {isa = PBXBuildFile; fileRef = 49C7BCBE1F26938F00F4FFBC /* Semaphore.swift */; };
		49C7BCE51F26939A00F4FFBC /* SynchronousOperation.swift in Sources */ = {isa = PBXBuildFile; fileRef = 49C7BCBF1F26938F00F4FFBC /* SynchronousOperation.swift */; };
		49C7BCE71F26939F00F4FFBC /* ConcurrentOperationTests.swift in Sources */ = {isa = PBXBuildFile; fileRef = 49C7BCAF1F26938F00F4FFBC /* ConcurrentOperationTests.swift */; };
		49C7BCE81F26939F00F4FFBC /* QueuerTests.swift in Sources */ = {isa = PBXBuildFile; fileRef = 49C7BCB01F26938F00F4FFBC /* QueuerTests.swift */; };
		49C7BCEA1F26939F00F4FFBC /* SemaphoreTests.swift in Sources */ = {isa = PBXBuildFile; fileRef = 49C7BCB21F26938F00F4FFBC /* SemaphoreTests.swift */; };
		49C7BCEB1F26939F00F4FFBC /* SynchronousOperationTests.swift in Sources */ = {isa = PBXBuildFile; fileRef = 49C7BCB31F26938F00F4FFBC /* SynchronousOperationTests.swift */; };
		49C7BCED1F2693A000F4FFBC /* ConcurrentOperationTests.swift in Sources */ = {isa = PBXBuildFile; fileRef = 49C7BCAF1F26938F00F4FFBC /* ConcurrentOperationTests.swift */; };
		49C7BCEE1F2693A000F4FFBC /* QueuerTests.swift in Sources */ = {isa = PBXBuildFile; fileRef = 49C7BCB01F26938F00F4FFBC /* QueuerTests.swift */; };
		49C7BCF01F2693A000F4FFBC /* SemaphoreTests.swift in Sources */ = {isa = PBXBuildFile; fileRef = 49C7BCB21F26938F00F4FFBC /* SemaphoreTests.swift */; };
		49C7BCF11F2693A000F4FFBC /* SynchronousOperationTests.swift in Sources */ = {isa = PBXBuildFile; fileRef = 49C7BCB31F26938F00F4FFBC /* SynchronousOperationTests.swift */; };
		49C7BCF31F2693A100F4FFBC /* ConcurrentOperationTests.swift in Sources */ = {isa = PBXBuildFile; fileRef = 49C7BCAF1F26938F00F4FFBC /* ConcurrentOperationTests.swift */; };
		49C7BCF41F2693A100F4FFBC /* QueuerTests.swift in Sources */ = {isa = PBXBuildFile; fileRef = 49C7BCB01F26938F00F4FFBC /* QueuerTests.swift */; };
		49C7BCF61F2693A100F4FFBC /* SemaphoreTests.swift in Sources */ = {isa = PBXBuildFile; fileRef = 49C7BCB21F26938F00F4FFBC /* SemaphoreTests.swift */; };
		49C7BCF71F2693A100F4FFBC /* SynchronousOperationTests.swift in Sources */ = {isa = PBXBuildFile; fileRef = 49C7BCB31F26938F00F4FFBC /* SynchronousOperationTests.swift */; };
		49E803C6217FE8E80001B47A /* OperationState.swift in Sources */ = {isa = PBXBuildFile; fileRef = 49E803C5217FE8E80001B47A /* OperationState.swift */; };
		49E803C7217FE8E80001B47A /* OperationState.swift in Sources */ = {isa = PBXBuildFile; fileRef = 49E803C5217FE8E80001B47A /* OperationState.swift */; };
		49E803C8217FE8E80001B47A /* OperationState.swift in Sources */ = {isa = PBXBuildFile; fileRef = 49E803C5217FE8E80001B47A /* OperationState.swift */; };
		49E803C9217FE8E80001B47A /* OperationState.swift in Sources */ = {isa = PBXBuildFile; fileRef = 49E803C5217FE8E80001B47A /* OperationState.swift */; };
		49E803CB21868A310001B47A /* OperationStateTests.swift in Sources */ = {isa = PBXBuildFile; fileRef = 49E803CA21868A310001B47A /* OperationStateTests.swift */; };
		49E803CC21868A310001B47A /* OperationStateTests.swift in Sources */ = {isa = PBXBuildFile; fileRef = 49E803CA21868A310001B47A /* OperationStateTests.swift */; };
		49E803CD21868A310001B47A /* OperationStateTests.swift in Sources */ = {isa = PBXBuildFile; fileRef = 49E803CA21868A310001B47A /* OperationStateTests.swift */; };
/* End PBXBuildFile section */

/* Begin PBXContainerItemProxy section */
		493F572A1F21F32B009EC8FA /* PBXContainerItemProxy */ = {
			isa = PBXContainerItemProxy;
			containerPortal = 4995D7301F21E19B00A34E6E /* Project object */;
			proxyType = 1;
			remoteGlobalIDString = 493F571F1F21F32B009EC8FA;
			remoteInfo = Queuer;
		};
		4995D7441F21E19C00A34E6E /* PBXContainerItemProxy */ = {
			isa = PBXContainerItemProxy;
			containerPortal = 4995D7301F21E19B00A34E6E /* Project object */;
			proxyType = 1;
			remoteGlobalIDString = 4995D7381F21E19B00A34E6E;
			remoteInfo = Queuer;
		};
		4995D7701F21ED1C00A34E6E /* PBXContainerItemProxy */ = {
			isa = PBXContainerItemProxy;
			containerPortal = 4995D7301F21E19B00A34E6E /* Project object */;
			proxyType = 1;
			remoteGlobalIDString = 4995D7651F21ED1B00A34E6E;
			remoteInfo = Queuer;
		};
/* End PBXContainerItemProxy section */

/* Begin PBXFileReference section */
		493F57201F21F32B009EC8FA /* Queuer.framework */ = {isa = PBXFileReference; explicitFileType = wrapper.framework; includeInIndex = 0; path = Queuer.framework; sourceTree = BUILT_PRODUCTS_DIR; };
		493F57281F21F32B009EC8FA /* QueuerTests macOS.xctest */ = {isa = PBXFileReference; explicitFileType = wrapper.cfbundle; includeInIndex = 0; path = "QueuerTests macOS.xctest"; sourceTree = BUILT_PRODUCTS_DIR; };
		4946BDF5214D586900FAFC84 /* Scheduler.swift */ = {isa = PBXFileReference; fileEncoding = 4; lastKnownFileType = sourcecode.swift; path = Scheduler.swift; sourceTree = "<group>"; };
		4946BDFA214D5C0100FAFC84 /* SchedulerTests.swift */ = {isa = PBXFileReference; fileEncoding = 4; lastKnownFileType = sourcecode.swift; path = SchedulerTests.swift; sourceTree = "<group>"; };
		4995D7391F21E19B00A34E6E /* Queuer.framework */ = {isa = PBXFileReference; explicitFileType = wrapper.framework; includeInIndex = 0; path = Queuer.framework; sourceTree = BUILT_PRODUCTS_DIR; };
		4995D7421F21E19C00A34E6E /* QueuerTests iOS.xctest */ = {isa = PBXFileReference; explicitFileType = wrapper.cfbundle; includeInIndex = 0; path = "QueuerTests iOS.xctest"; sourceTree = BUILT_PRODUCTS_DIR; };
		4995D7581F21EA3F00A34E6E /* Queuer.framework */ = {isa = PBXFileReference; explicitFileType = wrapper.framework; includeInIndex = 0; path = Queuer.framework; sourceTree = BUILT_PRODUCTS_DIR; };
		4995D7661F21ED1B00A34E6E /* Queuer.framework */ = {isa = PBXFileReference; explicitFileType = wrapper.framework; includeInIndex = 0; path = Queuer.framework; sourceTree = BUILT_PRODUCTS_DIR; };
		4995D76E1F21ED1C00A34E6E /* QueuerTests tvOS.xctest */ = {isa = PBXFileReference; explicitFileType = wrapper.cfbundle; includeInIndex = 0; path = "QueuerTests tvOS.xctest"; sourceTree = BUILT_PRODUCTS_DIR; };
		49C7BCAC1F26938F00F4FFBC /* Info.plist */ = {isa = PBXFileReference; fileEncoding = 4; lastKnownFileType = text.plist.xml; path = Info.plist; sourceTree = "<group>"; };
		49C7BCAF1F26938F00F4FFBC /* ConcurrentOperationTests.swift */ = {isa = PBXFileReference; fileEncoding = 4; lastKnownFileType = sourcecode.swift; path = ConcurrentOperationTests.swift; sourceTree = "<group>"; };
		49C7BCB01F26938F00F4FFBC /* QueuerTests.swift */ = {isa = PBXFileReference; fileEncoding = 4; lastKnownFileType = sourcecode.swift; path = QueuerTests.swift; sourceTree = "<group>"; };
		49C7BCB21F26938F00F4FFBC /* SemaphoreTests.swift */ = {isa = PBXFileReference; fileEncoding = 4; lastKnownFileType = sourcecode.swift; path = SemaphoreTests.swift; sourceTree = "<group>"; };
		49C7BCB31F26938F00F4FFBC /* SynchronousOperationTests.swift */ = {isa = PBXFileReference; fileEncoding = 4; lastKnownFileType = sourcecode.swift; path = SynchronousOperationTests.swift; sourceTree = "<group>"; };
		49C7BCB71F26938F00F4FFBC /* Info.plist */ = {isa = PBXFileReference; fileEncoding = 4; lastKnownFileType = text.plist.xml; path = Info.plist; sourceTree = "<group>"; };
		49C7BCBB1F26938F00F4FFBC /* ConcurrentOperation.swift */ = {isa = PBXFileReference; fileEncoding = 4; lastKnownFileType = sourcecode.swift; path = ConcurrentOperation.swift; sourceTree = "<group>"; };
		49C7BCBC1F26938F00F4FFBC /* Queuer.swift */ = {isa = PBXFileReference; fileEncoding = 4; lastKnownFileType = sourcecode.swift; path = Queuer.swift; sourceTree = "<group>"; };
		49C7BCBE1F26938F00F4FFBC /* Semaphore.swift */ = {isa = PBXFileReference; fileEncoding = 4; lastKnownFileType = sourcecode.swift; path = Semaphore.swift; sourceTree = "<group>"; };
		49C7BCBF1F26938F00F4FFBC /* SynchronousOperation.swift */ = {isa = PBXFileReference; fileEncoding = 4; lastKnownFileType = sourcecode.swift; path = SynchronousOperation.swift; sourceTree = "<group>"; };
		49C7BCC11F26938F00F4FFBC /* Queuer.h */ = {isa = PBXFileReference; fileEncoding = 4; lastKnownFileType = sourcecode.c.h; path = Queuer.h; sourceTree = "<group>"; };
		49E803C5217FE8E80001B47A /* OperationState.swift */ = {isa = PBXFileReference; fileEncoding = 4; lastKnownFileType = sourcecode.swift; path = OperationState.swift; sourceTree = "<group>"; };
		49E803CA21868A310001B47A /* OperationStateTests.swift */ = {isa = PBXFileReference; lastKnownFileType = sourcecode.swift; path = OperationStateTests.swift; sourceTree = "<group>"; };
/* End PBXFileReference section */

/* Begin PBXFrameworksBuildPhase section */
		493F571C1F21F32B009EC8FA /* Frameworks */ = {
			isa = PBXFrameworksBuildPhase;
			buildActionMask = 2147483647;
			files = (
			);
			runOnlyForDeploymentPostprocessing = 0;
		};
		493F57251F21F32B009EC8FA /* Frameworks */ = {
			isa = PBXFrameworksBuildPhase;
			buildActionMask = 2147483647;
			files = (
				493F57291F21F32B009EC8FA /* Queuer.framework in Frameworks */,
			);
			runOnlyForDeploymentPostprocessing = 0;
		};
		4995D7351F21E19B00A34E6E /* Frameworks */ = {
			isa = PBXFrameworksBuildPhase;
			buildActionMask = 2147483647;
			files = (
			);
			runOnlyForDeploymentPostprocessing = 0;
		};
		4995D73F1F21E19C00A34E6E /* Frameworks */ = {
			isa = PBXFrameworksBuildPhase;
			buildActionMask = 2147483647;
			files = (
				4995D7431F21E19C00A34E6E /* Queuer.framework in Frameworks */,
			);
			runOnlyForDeploymentPostprocessing = 0;
		};
		4995D7541F21EA3F00A34E6E /* Frameworks */ = {
			isa = PBXFrameworksBuildPhase;
			buildActionMask = 2147483647;
			files = (
			);
			runOnlyForDeploymentPostprocessing = 0;
		};
		4995D7621F21ED1B00A34E6E /* Frameworks */ = {
			isa = PBXFrameworksBuildPhase;
			buildActionMask = 2147483647;
			files = (
			);
			runOnlyForDeploymentPostprocessing = 0;
		};
		4995D76B1F21ED1C00A34E6E /* Frameworks */ = {
			isa = PBXFrameworksBuildPhase;
			buildActionMask = 2147483647;
			files = (
				4995D76F1F21ED1C00A34E6E /* Queuer.framework in Frameworks */,
			);
			runOnlyForDeploymentPostprocessing = 0;
		};
/* End PBXFrameworksBuildPhase section */

/* Begin PBXGroup section */
		4995D72F1F21E19B00A34E6E = {
			isa = PBXGroup;
			children = (
				49C7BCB51F26938F00F4FFBC /* Sources */,
				49C7BCAB1F26938F00F4FFBC /* Tests */,
				4995D73A1F21E19B00A34E6E /* Products */,
			);
			sourceTree = "<group>";
		};
		4995D73A1F21E19B00A34E6E /* Products */ = {
			isa = PBXGroup;
			children = (
				4995D7391F21E19B00A34E6E /* Queuer.framework */,
				4995D7421F21E19C00A34E6E /* QueuerTests iOS.xctest */,
				4995D7581F21EA3F00A34E6E /* Queuer.framework */,
				4995D7661F21ED1B00A34E6E /* Queuer.framework */,
				4995D76E1F21ED1C00A34E6E /* QueuerTests tvOS.xctest */,
				493F57201F21F32B009EC8FA /* Queuer.framework */,
				493F57281F21F32B009EC8FA /* QueuerTests macOS.xctest */,
			);
			name = Products;
			sourceTree = "<group>";
		};
		49C7BCAB1F26938F00F4FFBC /* Tests */ = {
			isa = PBXGroup;
			children = (
				49C7BCAC1F26938F00F4FFBC /* Info.plist */,
				49C7BCAE1F26938F00F4FFBC /* QueuerTests */,
			);
			path = Tests;
			sourceTree = "<group>";
		};
		49C7BCAE1F26938F00F4FFBC /* QueuerTests */ = {
			isa = PBXGroup;
			children = (
				49C7BCAF1F26938F00F4FFBC /* ConcurrentOperationTests.swift */,
				49E803CA21868A310001B47A /* OperationStateTests.swift */,
				49C7BCB01F26938F00F4FFBC /* QueuerTests.swift */,
				4946BDFA214D5C0100FAFC84 /* SchedulerTests.swift */,
				49C7BCB21F26938F00F4FFBC /* SemaphoreTests.swift */,
				49C7BCB31F26938F00F4FFBC /* SynchronousOperationTests.swift */,
			);
			path = QueuerTests;
			sourceTree = "<group>";
		};
		49C7BCB51F26938F00F4FFBC /* Sources */ = {
			isa = PBXGroup;
			children = (
				49C7BCB71F26938F00F4FFBC /* Info.plist */,
				49C7BCC11F26938F00F4FFBC /* Queuer.h */,
				49C7BCBA1F26938F00F4FFBC /* Queuer */,
			);
			path = Sources;
			sourceTree = "<group>";
		};
		49C7BCBA1F26938F00F4FFBC /* Queuer */ = {
			isa = PBXGroup;
			children = (
				49C7BCBB1F26938F00F4FFBC /* ConcurrentOperation.swift */,
				49E803C5217FE8E80001B47A /* OperationState.swift */,
				49C7BCBC1F26938F00F4FFBC /* Queuer.swift */,
				4946BDF5214D586900FAFC84 /* Scheduler.swift */,
				49C7BCBE1F26938F00F4FFBC /* Semaphore.swift */,
				49C7BCBF1F26938F00F4FFBC /* SynchronousOperation.swift */,
			);
			path = Queuer;
			sourceTree = "<group>";
		};
/* End PBXGroup section */

/* Begin PBXHeadersBuildPhase section */
		493F571D1F21F32B009EC8FA /* Headers */ = {
			isa = PBXHeadersBuildPhase;
			buildActionMask = 2147483647;
			files = (
				49B28E2C1F27EDCB00D0819A /* Queuer.h in Headers */,
			);
			runOnlyForDeploymentPostprocessing = 0;
		};
		4995D7361F21E19B00A34E6E /* Headers */ = {
			isa = PBXHeadersBuildPhase;
			buildActionMask = 2147483647;
			files = (
				49C7BCD41F26938F00F4FFBC /* Queuer.h in Headers */,
			);
			runOnlyForDeploymentPostprocessing = 0;
		};
		4995D7551F21EA3F00A34E6E /* Headers */ = {
			isa = PBXHeadersBuildPhase;
			buildActionMask = 2147483647;
			files = (
				49B28E2E1F27EDCC00D0819A /* Queuer.h in Headers */,
			);
			runOnlyForDeploymentPostprocessing = 0;
		};
		4995D7631F21ED1B00A34E6E /* Headers */ = {
			isa = PBXHeadersBuildPhase;
			buildActionMask = 2147483647;
			files = (
				49B28E2D1F27EDCC00D0819A /* Queuer.h in Headers */,
			);
			runOnlyForDeploymentPostprocessing = 0;
		};
/* End PBXHeadersBuildPhase section */

/* Begin PBXNativeTarget section */
		493F571F1F21F32B009EC8FA /* Queuer macOS */ = {
			isa = PBXNativeTarget;
			buildConfigurationList = 493F57311F21F32B009EC8FA /* Build configuration list for PBXNativeTarget "Queuer macOS" */;
			buildPhases = (
				493F571B1F21F32B009EC8FA /* Sources */,
				493F571C1F21F32B009EC8FA /* Frameworks */,
				493F571D1F21F32B009EC8FA /* Headers */,
				493F571E1F21F32B009EC8FA /* Resources */,
			);
			buildRules = (
			);
			dependencies = (
			);
			name = "Queuer macOS";
			productName = Queuer;
			productReference = 493F57201F21F32B009EC8FA /* Queuer.framework */;
			productType = "com.apple.product-type.framework";
		};
		493F57271F21F32B009EC8FA /* QueuerTests macOS */ = {
			isa = PBXNativeTarget;
			buildConfigurationList = 493F57341F21F32B009EC8FA /* Build configuration list for PBXNativeTarget "QueuerTests macOS" */;
			buildPhases = (
				493F57241F21F32B009EC8FA /* Sources */,
				493F57251F21F32B009EC8FA /* Frameworks */,
				493F57261F21F32B009EC8FA /* Resources */,
			);
			buildRules = (
			);
			dependencies = (
				493F572B1F21F32B009EC8FA /* PBXTargetDependency */,
			);
			name = "QueuerTests macOS";
			productName = QueuerTests;
			productReference = 493F57281F21F32B009EC8FA /* QueuerTests macOS.xctest */;
			productType = "com.apple.product-type.bundle.unit-test";
		};
		4995D7381F21E19B00A34E6E /* Queuer iOS */ = {
			isa = PBXNativeTarget;
			buildConfigurationList = 4995D74D1F21E19C00A34E6E /* Build configuration list for PBXNativeTarget "Queuer iOS" */;
			buildPhases = (
				4995D7341F21E19B00A34E6E /* Sources */,
				4995D7351F21E19B00A34E6E /* Frameworks */,
				4995D7361F21E19B00A34E6E /* Headers */,
				4995D7371F21E19B00A34E6E /* Resources */,
			);
			buildRules = (
			);
			dependencies = (
			);
			name = "Queuer iOS";
			productName = Queuer;
			productReference = 4995D7391F21E19B00A34E6E /* Queuer.framework */;
			productType = "com.apple.product-type.framework";
		};
		4995D7411F21E19C00A34E6E /* QueuerTests iOS */ = {
			isa = PBXNativeTarget;
			buildConfigurationList = 4995D7501F21E19C00A34E6E /* Build configuration list for PBXNativeTarget "QueuerTests iOS" */;
			buildPhases = (
				4995D73E1F21E19C00A34E6E /* Sources */,
				4995D73F1F21E19C00A34E6E /* Frameworks */,
				4995D7401F21E19C00A34E6E /* Resources */,
			);
			buildRules = (
			);
			dependencies = (
				4995D7451F21E19C00A34E6E /* PBXTargetDependency */,
			);
			name = "QueuerTests iOS";
			productName = QueuerTests;
			productReference = 4995D7421F21E19C00A34E6E /* QueuerTests iOS.xctest */;
			productType = "com.apple.product-type.bundle.unit-test";
		};
		4995D7571F21EA3F00A34E6E /* Queuer watchOS */ = {
			isa = PBXNativeTarget;
			buildConfigurationList = 4995D75D1F21EA3F00A34E6E /* Build configuration list for PBXNativeTarget "Queuer watchOS" */;
			buildPhases = (
				4995D7531F21EA3F00A34E6E /* Sources */,
				4995D7541F21EA3F00A34E6E /* Frameworks */,
				4995D7551F21EA3F00A34E6E /* Headers */,
				4995D7561F21EA3F00A34E6E /* Resources */,
			);
			buildRules = (
			);
			dependencies = (
			);
			name = "Queuer watchOS";
			productName = Queuer;
			productReference = 4995D7581F21EA3F00A34E6E /* Queuer.framework */;
			productType = "com.apple.product-type.framework";
		};
		4995D7651F21ED1B00A34E6E /* Queuer tvOS */ = {
			isa = PBXNativeTarget;
			buildConfigurationList = 4995D7771F21ED1C00A34E6E /* Build configuration list for PBXNativeTarget "Queuer tvOS" */;
			buildPhases = (
				4995D7611F21ED1B00A34E6E /* Sources */,
				4995D7621F21ED1B00A34E6E /* Frameworks */,
				4995D7631F21ED1B00A34E6E /* Headers */,
				4995D7641F21ED1B00A34E6E /* Resources */,
			);
			buildRules = (
			);
			dependencies = (
			);
			name = "Queuer tvOS";
			productName = Queuer;
			productReference = 4995D7661F21ED1B00A34E6E /* Queuer.framework */;
			productType = "com.apple.product-type.framework";
		};
		4995D76D1F21ED1C00A34E6E /* QueuerTests tvOS */ = {
			isa = PBXNativeTarget;
			buildConfigurationList = 4995D77A1F21ED1C00A34E6E /* Build configuration list for PBXNativeTarget "QueuerTests tvOS" */;
			buildPhases = (
				4995D76A1F21ED1C00A34E6E /* Sources */,
				4995D76B1F21ED1C00A34E6E /* Frameworks */,
				4995D76C1F21ED1C00A34E6E /* Resources */,
			);
			buildRules = (
			);
			dependencies = (
				4995D7711F21ED1C00A34E6E /* PBXTargetDependency */,
			);
			name = "QueuerTests tvOS";
			productName = QueuerTests;
			productReference = 4995D76E1F21ED1C00A34E6E /* QueuerTests tvOS.xctest */;
			productType = "com.apple.product-type.bundle.unit-test";
		};
/* End PBXNativeTarget section */

/* Begin PBXProject section */
		4995D7301F21E19B00A34E6E /* Project object */ = {
			isa = PBXProject;
			attributes = {
				LastSwiftUpdateCheck = 0830;
				LastUpgradeCheck = 0900;
				ORGANIZATIONNAME = "Fabrizio Brancati";
				TargetAttributes = {
					493F571F1F21F32B009EC8FA = {
						CreatedOnToolsVersion = 8.3.3;
						LastSwiftMigration = 0900;
						ProvisioningStyle = Manual;
					};
					493F57271F21F32B009EC8FA = {
						CreatedOnToolsVersion = 8.3.3;
						LastSwiftMigration = 0900;
						ProvisioningStyle = Automatic;
					};
					4995D7381F21E19B00A34E6E = {
						CreatedOnToolsVersion = 8.3.3;
						LastSwiftMigration = 0900;
						ProvisioningStyle = Manual;
					};
					4995D7411F21E19C00A34E6E = {
						CreatedOnToolsVersion = 8.3.3;
						LastSwiftMigration = 0900;
						ProvisioningStyle = Manual;
					};
					4995D7571F21EA3F00A34E6E = {
						CreatedOnToolsVersion = 8.3.3;
						LastSwiftMigration = 0900;
						ProvisioningStyle = Manual;
					};
					4995D7651F21ED1B00A34E6E = {
						CreatedOnToolsVersion = 8.3.3;
						LastSwiftMigration = 0900;
						ProvisioningStyle = Manual;
					};
					4995D76D1F21ED1C00A34E6E = {
						CreatedOnToolsVersion = 8.3.3;
						LastSwiftMigration = 0900;
						ProvisioningStyle = Manual;
					};
				};
			};
			buildConfigurationList = 4995D7331F21E19B00A34E6E /* Build configuration list for PBXProject "Queuer" */;
			compatibilityVersion = "Xcode 3.2";
			developmentRegion = en;
			hasScannedForEncodings = 0;
			knownRegions = (
				en,
				Base,
			);
			mainGroup = 4995D72F1F21E19B00A34E6E;
			productRefGroup = 4995D73A1F21E19B00A34E6E /* Products */;
			projectDirPath = "";
			projectRoot = "";
			targets = (
				4995D7381F21E19B00A34E6E /* Queuer iOS */,
				493F571F1F21F32B009EC8FA /* Queuer macOS */,
				4995D7651F21ED1B00A34E6E /* Queuer tvOS */,
				4995D7571F21EA3F00A34E6E /* Queuer watchOS */,
				4995D7411F21E19C00A34E6E /* QueuerTests iOS */,
				493F57271F21F32B009EC8FA /* QueuerTests macOS */,
				4995D76D1F21ED1C00A34E6E /* QueuerTests tvOS */,
			);
		};
/* End PBXProject section */

/* Begin PBXResourcesBuildPhase section */
		493F571E1F21F32B009EC8FA /* Resources */ = {
			isa = PBXResourcesBuildPhase;
			buildActionMask = 2147483647;
			files = (
			);
			runOnlyForDeploymentPostprocessing = 0;
		};
		493F57261F21F32B009EC8FA /* Resources */ = {
			isa = PBXResourcesBuildPhase;
			buildActionMask = 2147483647;
			files = (
			);
			runOnlyForDeploymentPostprocessing = 0;
		};
		4995D7371F21E19B00A34E6E /* Resources */ = {
			isa = PBXResourcesBuildPhase;
			buildActionMask = 2147483647;
			files = (
			);
			runOnlyForDeploymentPostprocessing = 0;
		};
		4995D7401F21E19C00A34E6E /* Resources */ = {
			isa = PBXResourcesBuildPhase;
			buildActionMask = 2147483647;
			files = (
			);
			runOnlyForDeploymentPostprocessing = 0;
		};
		4995D7561F21EA3F00A34E6E /* Resources */ = {
			isa = PBXResourcesBuildPhase;
			buildActionMask = 2147483647;
			files = (
			);
			runOnlyForDeploymentPostprocessing = 0;
		};
		4995D7641F21ED1B00A34E6E /* Resources */ = {
			isa = PBXResourcesBuildPhase;
			buildActionMask = 2147483647;
			files = (
			);
			runOnlyForDeploymentPostprocessing = 0;
		};
		4995D76C1F21ED1C00A34E6E /* Resources */ = {
			isa = PBXResourcesBuildPhase;
			buildActionMask = 2147483647;
			files = (
			);
			runOnlyForDeploymentPostprocessing = 0;
		};
/* End PBXResourcesBuildPhase section */

/* Begin PBXSourcesBuildPhase section */
		493F571B1F21F32B009EC8FA /* Sources */ = {
			isa = PBXSourcesBuildPhase;
			buildActionMask = 2147483647;
			files = (
				49C7BCE21F26939A00F4FFBC /* Queuer.swift in Sources */,
				49C7BCE41F26939A00F4FFBC /* Semaphore.swift in Sources */,
				49C7BCE11F26939A00F4FFBC /* ConcurrentOperation.swift in Sources */,
				4946BDF7214D586900FAFC84 /* Scheduler.swift in Sources */,
				49C7BCE51F26939A00F4FFBC /* SynchronousOperation.swift in Sources */,
				49E803C7217FE8E80001B47A /* OperationState.swift in Sources */,
			);
			runOnlyForDeploymentPostprocessing = 0;
		};
		493F57241F21F32B009EC8FA /* Sources */ = {
			isa = PBXSourcesBuildPhase;
			buildActionMask = 2147483647;
			files = (
				49C7BCEE1F2693A000F4FFBC /* QueuerTests.swift in Sources */,
				49E803CC21868A310001B47A /* OperationStateTests.swift in Sources */,
				49C7BCF01F2693A000F4FFBC /* SemaphoreTests.swift in Sources */,
				4946BDFC214D5C0100FAFC84 /* SchedulerTests.swift in Sources */,
				49C7BCED1F2693A000F4FFBC /* ConcurrentOperationTests.swift in Sources */,
				49C7BCF11F2693A000F4FFBC /* SynchronousOperationTests.swift in Sources */,
			);
			runOnlyForDeploymentPostprocessing = 0;
		};
		4995D7341F21E19B00A34E6E /* Sources */ = {
			isa = PBXSourcesBuildPhase;
			buildActionMask = 2147483647;
			files = (
				49C7BCCE1F26938F00F4FFBC /* ConcurrentOperation.swift in Sources */,
				49C7BCD21F26938F00F4FFBC /* SynchronousOperation.swift in Sources */,
				49C7BCCF1F26938F00F4FFBC /* Queuer.swift in Sources */,
				4946BDF6214D586900FAFC84 /* Scheduler.swift in Sources */,
				49C7BCD11F26938F00F4FFBC /* Semaphore.swift in Sources */,
				49E803C6217FE8E80001B47A /* OperationState.swift in Sources */,
			);
			runOnlyForDeploymentPostprocessing = 0;
		};
		4995D73E1F21E19C00A34E6E /* Sources */ = {
			isa = PBXSourcesBuildPhase;
			buildActionMask = 2147483647;
			files = (
				49C7BCE81F26939F00F4FFBC /* QueuerTests.swift in Sources */,
				49E803CB21868A310001B47A /* OperationStateTests.swift in Sources */,
				49C7BCEA1F26939F00F4FFBC /* SemaphoreTests.swift in Sources */,
				4946BDFB214D5C0100FAFC84 /* SchedulerTests.swift in Sources */,
				49C7BCE71F26939F00F4FFBC /* ConcurrentOperationTests.swift in Sources */,
				49C7BCEB1F26939F00F4FFBC /* SynchronousOperationTests.swift in Sources */,
			);
			runOnlyForDeploymentPostprocessing = 0;
		};
		4995D7531F21EA3F00A34E6E /* Sources */ = {
			isa = PBXSourcesBuildPhase;
			buildActionMask = 2147483647;
			files = (
				49C7BCD61F26939900F4FFBC /* Queuer.swift in Sources */,
				49C7BCD81F26939900F4FFBC /* Semaphore.swift in Sources */,
				49C7BCD51F26939900F4FFBC /* ConcurrentOperation.swift in Sources */,
				4946BDF9214D586900FAFC84 /* Scheduler.swift in Sources */,
				49C7BCD91F26939900F4FFBC /* SynchronousOperation.swift in Sources */,
				49E803C9217FE8E80001B47A /* OperationState.swift in Sources */,
			);
			runOnlyForDeploymentPostprocessing = 0;
		};
		4995D7611F21ED1B00A34E6E /* Sources */ = {
			isa = PBXSourcesBuildPhase;
			buildActionMask = 2147483647;
			files = (
				49C7BCDC1F26939A00F4FFBC /* Queuer.swift in Sources */,
				49C7BCDE1F26939A00F4FFBC /* Semaphore.swift in Sources */,
				49C7BCDB1F26939A00F4FFBC /* ConcurrentOperation.swift in Sources */,
				4946BDF8214D586900FAFC84 /* Scheduler.swift in Sources */,
				49C7BCDF1F26939A00F4FFBC /* SynchronousOperation.swift in Sources */,
				49E803C8217FE8E80001B47A /* OperationState.swift in Sources */,
			);
			runOnlyForDeploymentPostprocessing = 0;
		};
		4995D76A1F21ED1C00A34E6E /* Sources */ = {
			isa = PBXSourcesBuildPhase;
			buildActionMask = 2147483647;
			files = (
				49C7BCF41F2693A100F4FFBC /* QueuerTests.swift in Sources */,
				49E803CD21868A310001B47A /* OperationStateTests.swift in Sources */,
				49C7BCF61F2693A100F4FFBC /* SemaphoreTests.swift in Sources */,
				4946BDFD214D5C0100FAFC84 /* SchedulerTests.swift in Sources */,
				49C7BCF31F2693A100F4FFBC /* ConcurrentOperationTests.swift in Sources */,
				49C7BCF71F2693A100F4FFBC /* SynchronousOperationTests.swift in Sources */,
			);
			runOnlyForDeploymentPostprocessing = 0;
		};
/* End PBXSourcesBuildPhase section */

/* Begin PBXTargetDependency section */
		493F572B1F21F32B009EC8FA /* PBXTargetDependency */ = {
			isa = PBXTargetDependency;
			target = 493F571F1F21F32B009EC8FA /* Queuer macOS */;
			targetProxy = 493F572A1F21F32B009EC8FA /* PBXContainerItemProxy */;
		};
		4995D7451F21E19C00A34E6E /* PBXTargetDependency */ = {
			isa = PBXTargetDependency;
			target = 4995D7381F21E19B00A34E6E /* Queuer iOS */;
			targetProxy = 4995D7441F21E19C00A34E6E /* PBXContainerItemProxy */;
		};
		4995D7711F21ED1C00A34E6E /* PBXTargetDependency */ = {
			isa = PBXTargetDependency;
			target = 4995D7651F21ED1B00A34E6E /* Queuer tvOS */;
			targetProxy = 4995D7701F21ED1C00A34E6E /* PBXContainerItemProxy */;
		};
/* End PBXTargetDependency section */

/* Begin XCBuildConfiguration section */
		493F57321F21F32B009EC8FA /* Debug */ = {
			isa = XCBuildConfiguration;
			buildSettings = {
				APPLICATION_EXTENSION_API_ONLY = YES;
				COMBINE_HIDPI_IMAGES = YES;
				DEFINES_MODULE = YES;
				DEVELOPMENT_TEAM = "";
				DYLIB_COMPATIBILITY_VERSION = 1;
				DYLIB_CURRENT_VERSION = 1;
				DYLIB_INSTALL_NAME_BASE = "@rpath";
				FRAMEWORK_VERSION = A;
				INFOPLIST_FILE = "$(SRCROOT)/Sources/Info.plist";
				INSTALL_PATH = "$(LOCAL_LIBRARY_DIR)/Frameworks";
				LD_RUNPATH_SEARCH_PATHS = "$(inherited) @executable_path/../Frameworks @loader_path/Frameworks";
				MACOSX_DEPLOYMENT_TARGET = 10.10;
				PRODUCT_BUNDLE_IDENTIFIER = "com.FabrizioBrancati.Queuer-macOS";
				PROVISIONING_PROFILE_SPECIFIER = "";
				SDKROOT = macosx;
				SKIP_INSTALL = YES;
			};
			name = Debug;
		};
		493F57331F21F32B009EC8FA /* Release */ = {
			isa = XCBuildConfiguration;
			buildSettings = {
				APPLICATION_EXTENSION_API_ONLY = YES;
				COMBINE_HIDPI_IMAGES = YES;
				DEFINES_MODULE = YES;
				DEVELOPMENT_TEAM = "";
				DYLIB_COMPATIBILITY_VERSION = 1;
				DYLIB_CURRENT_VERSION = 1;
				DYLIB_INSTALL_NAME_BASE = "@rpath";
				FRAMEWORK_VERSION = A;
				INFOPLIST_FILE = "$(SRCROOT)/Sources/Info.plist";
				INSTALL_PATH = "$(LOCAL_LIBRARY_DIR)/Frameworks";
				LD_RUNPATH_SEARCH_PATHS = "$(inherited) @executable_path/../Frameworks @loader_path/Frameworks";
				MACOSX_DEPLOYMENT_TARGET = 10.10;
				PRODUCT_BUNDLE_IDENTIFIER = "com.FabrizioBrancati.Queuer-macOS";
				PROVISIONING_PROFILE_SPECIFIER = "";
				SDKROOT = macosx;
				SKIP_INSTALL = YES;
			};
			name = Release;
		};
		493F57351F21F32B009EC8FA /* Debug */ = {
			isa = XCBuildConfiguration;
			buildSettings = {
				ALWAYS_EMBED_SWIFT_STANDARD_LIBRARIES = YES;
				CODE_SIGN_IDENTITY = "-";
				COMBINE_HIDPI_IMAGES = YES;
				INFOPLIST_FILE = Tests/Info.plist;
				LD_RUNPATH_SEARCH_PATHS = "$(inherited) @executable_path/../Frameworks @loader_path/../Frameworks";
				MACOSX_DEPLOYMENT_TARGET = 10.12;
				PRODUCT_BUNDLE_IDENTIFIER = com.FabrizioBrancati.QueuerTests;
				PRODUCT_NAME = "$(TARGET_NAME)";
				SDKROOT = macosx;
				SWIFT_VERSION = 5.1;
			};
			name = Debug;
		};
		493F57361F21F32B009EC8FA /* Release */ = {
			isa = XCBuildConfiguration;
			buildSettings = {
				ALWAYS_EMBED_SWIFT_STANDARD_LIBRARIES = YES;
				CODE_SIGN_IDENTITY = "-";
				COMBINE_HIDPI_IMAGES = YES;
				INFOPLIST_FILE = Tests/Info.plist;
				LD_RUNPATH_SEARCH_PATHS = "$(inherited) @executable_path/../Frameworks @loader_path/../Frameworks";
				MACOSX_DEPLOYMENT_TARGET = 10.12;
				PRODUCT_BUNDLE_IDENTIFIER = com.FabrizioBrancati.QueuerTests;
				PRODUCT_NAME = "$(TARGET_NAME)";
				SDKROOT = macosx;
				SWIFT_VERSION = 5.1;
			};
			name = Release;
		};
		4995D74B1F21E19C00A34E6E /* Debug */ = {
			isa = XCBuildConfiguration;
			buildSettings = {
				ALWAYS_SEARCH_USER_PATHS = NO;
				CLANG_ANALYZER_LOCALIZABILITY_NONLOCALIZED = YES;
				CLANG_ANALYZER_NONNULL = YES;
				CLANG_ANALYZER_NUMBER_OBJECT_CONVERSION = YES_AGGRESSIVE;
				CLANG_ANALYZER_SECURITY_FLOATLOOPCOUNTER = YES;
				CLANG_ANALYZER_SECURITY_INSECUREAPI_RAND = YES;
				CLANG_ANALYZER_SECURITY_INSECUREAPI_STRCPY = YES;
				CLANG_CXX_LANGUAGE_STANDARD = "gnu++0x";
				CLANG_CXX_LIBRARY = "libc++";
				CLANG_ENABLE_MODULES = YES;
				CLANG_ENABLE_OBJC_ARC = YES;
				CLANG_WARN_ASSIGN_ENUM = YES;
				CLANG_WARN_BLOCK_CAPTURE_AUTORELEASING = YES;
				CLANG_WARN_BOOL_CONVERSION = YES;
				CLANG_WARN_COMMA = YES;
				CLANG_WARN_CONSTANT_CONVERSION = YES;
				CLANG_WARN_DEPRECATED_OBJC_IMPLEMENTATIONS = YES;
				CLANG_WARN_DIRECT_OBJC_ISA_USAGE = YES_ERROR;
				CLANG_WARN_DOCUMENTATION_COMMENTS = YES;
				CLANG_WARN_EMPTY_BODY = YES;
				CLANG_WARN_ENUM_CONVERSION = YES;
				CLANG_WARN_IMPLICIT_SIGN_CONVERSION = YES;
				CLANG_WARN_INFINITE_RECURSION = YES;
				CLANG_WARN_INT_CONVERSION = YES;
				CLANG_WARN_NON_LITERAL_NULL_CONVERSION = YES;
				CLANG_WARN_OBJC_EXPLICIT_OWNERSHIP_TYPE = YES;
				CLANG_WARN_OBJC_IMPLICIT_RETAIN_SELF = YES;
				CLANG_WARN_OBJC_LITERAL_CONVERSION = YES;
				CLANG_WARN_OBJC_REPEATED_USE_OF_WEAK = YES;
				CLANG_WARN_OBJC_ROOT_CLASS = YES_ERROR;
				CLANG_WARN_RANGE_LOOP_ANALYSIS = YES;
				CLANG_WARN_STRICT_PROTOTYPES = YES;
				CLANG_WARN_SUSPICIOUS_IMPLICIT_CONVERSION = YES;
				CLANG_WARN_SUSPICIOUS_MOVE = YES;
				CLANG_WARN_UNREACHABLE_CODE = YES;
				CLANG_WARN__DUPLICATE_METHOD_MATCH = YES;
				"CODE_SIGN_IDENTITY[sdk=iphoneos*]" = "";
				COPY_PHASE_STRIP = NO;
				CURRENT_PROJECT_VERSION = 2.1.1;
				DEBUG_INFORMATION_FORMAT = dwarf;
				ENABLE_STRICT_OBJC_MSGSEND = YES;
				ENABLE_TESTABILITY = YES;
				GCC_C_LANGUAGE_STANDARD = gnu99;
				GCC_DYNAMIC_NO_PIC = NO;
				GCC_NO_COMMON_BLOCKS = YES;
				GCC_PREPROCESSOR_DEFINITIONS = (
					"DEBUG=1",
					"$(inherited)",
				);
				GCC_WARN_64_TO_32_BIT_CONVERSION = YES;
				GCC_WARN_ABOUT_MISSING_FIELD_INITIALIZERS = YES;
				GCC_WARN_ABOUT_MISSING_NEWLINE = YES;
				GCC_WARN_ABOUT_MISSING_PROTOTYPES = YES;
				GCC_WARN_ABOUT_RETURN_TYPE = YES_ERROR;
				GCC_WARN_FOUR_CHARACTER_CONSTANTS = YES;
				GCC_WARN_INITIALIZER_NOT_FULLY_BRACKETED = YES;
				GCC_WARN_SHADOW = YES;
				GCC_WARN_SIGN_COMPARE = YES;
				GCC_WARN_UNDECLARED_SELECTOR = YES;
				GCC_WARN_UNINITIALIZED_AUTOS = YES_AGGRESSIVE;
				GCC_WARN_UNKNOWN_PRAGMAS = YES;
				GCC_WARN_UNUSED_FUNCTION = YES;
				GCC_WARN_UNUSED_LABEL = YES;
				GCC_WARN_UNUSED_PARAMETER = YES;
				GCC_WARN_UNUSED_VARIABLE = YES;
				IPHONEOS_DEPLOYMENT_TARGET = 8.0;
				MACOSX_DEPLOYMENT_TARGET = 10.10;
				MTL_ENABLE_DEBUG_INFO = YES;
				ONLY_ACTIVE_ARCH = YES;
				OTHER_SWIFT_FLAGS = "-Xfrontend -warn-long-expression-type-checking=100 -Xfrontend -warn-long-function-bodies=100";
				PRODUCT_NAME = Queuer;
				SWIFT_ACTIVE_COMPILATION_CONDITIONS = DEBUG;
				SWIFT_SWIFT3_OBJC_INFERENCE = Off;
				SWIFT_VERSION = 5.1;
				TARGETED_DEVICE_FAMILY = "1,2";
				TVOS_DEPLOYMENT_TARGET = 9.0;
				VERSIONING_SYSTEM = "apple-generic";
				VERSION_INFO_PREFIX = "";
				WATCHOS_DEPLOYMENT_TARGET = 3.0;
			};
			name = Debug;
		};
		4995D74C1F21E19C00A34E6E /* Release */ = {
			isa = XCBuildConfiguration;
			buildSettings = {
				ALWAYS_SEARCH_USER_PATHS = NO;
				CLANG_ANALYZER_LOCALIZABILITY_NONLOCALIZED = YES;
				CLANG_ANALYZER_NONNULL = YES;
				CLANG_ANALYZER_NUMBER_OBJECT_CONVERSION = YES_AGGRESSIVE;
				CLANG_ANALYZER_SECURITY_FLOATLOOPCOUNTER = YES;
				CLANG_ANALYZER_SECURITY_INSECUREAPI_RAND = YES;
				CLANG_ANALYZER_SECURITY_INSECUREAPI_STRCPY = YES;
				CLANG_CXX_LANGUAGE_STANDARD = "gnu++0x";
				CLANG_CXX_LIBRARY = "libc++";
				CLANG_ENABLE_MODULES = YES;
				CLANG_ENABLE_OBJC_ARC = YES;
				CLANG_WARN_ASSIGN_ENUM = YES;
				CLANG_WARN_BLOCK_CAPTURE_AUTORELEASING = YES;
				CLANG_WARN_BOOL_CONVERSION = YES;
				CLANG_WARN_COMMA = YES;
				CLANG_WARN_CONSTANT_CONVERSION = YES;
				CLANG_WARN_DEPRECATED_OBJC_IMPLEMENTATIONS = YES;
				CLANG_WARN_DIRECT_OBJC_ISA_USAGE = YES_ERROR;
				CLANG_WARN_DOCUMENTATION_COMMENTS = YES;
				CLANG_WARN_EMPTY_BODY = YES;
				CLANG_WARN_ENUM_CONVERSION = YES;
				CLANG_WARN_IMPLICIT_SIGN_CONVERSION = YES;
				CLANG_WARN_INFINITE_RECURSION = YES;
				CLANG_WARN_INT_CONVERSION = YES;
				CLANG_WARN_NON_LITERAL_NULL_CONVERSION = YES;
				CLANG_WARN_OBJC_EXPLICIT_OWNERSHIP_TYPE = YES;
				CLANG_WARN_OBJC_IMPLICIT_RETAIN_SELF = YES;
				CLANG_WARN_OBJC_LITERAL_CONVERSION = YES;
				CLANG_WARN_OBJC_REPEATED_USE_OF_WEAK = YES;
				CLANG_WARN_OBJC_ROOT_CLASS = YES_ERROR;
				CLANG_WARN_RANGE_LOOP_ANALYSIS = YES;
				CLANG_WARN_STRICT_PROTOTYPES = YES;
				CLANG_WARN_SUSPICIOUS_IMPLICIT_CONVERSION = YES;
				CLANG_WARN_SUSPICIOUS_MOVE = YES;
				CLANG_WARN_UNREACHABLE_CODE = YES;
				CLANG_WARN__DUPLICATE_METHOD_MATCH = YES;
				"CODE_SIGN_IDENTITY[sdk=iphoneos*]" = "";
				COPY_PHASE_STRIP = NO;
				CURRENT_PROJECT_VERSION = 2.1.1;
				DEBUG_INFORMATION_FORMAT = "dwarf-with-dsym";
				ENABLE_NS_ASSERTIONS = NO;
				ENABLE_STRICT_OBJC_MSGSEND = YES;
				GCC_C_LANGUAGE_STANDARD = gnu99;
				GCC_NO_COMMON_BLOCKS = YES;
				GCC_WARN_64_TO_32_BIT_CONVERSION = YES;
				GCC_WARN_ABOUT_MISSING_FIELD_INITIALIZERS = YES;
				GCC_WARN_ABOUT_MISSING_NEWLINE = YES;
				GCC_WARN_ABOUT_MISSING_PROTOTYPES = YES;
				GCC_WARN_ABOUT_RETURN_TYPE = YES_ERROR;
				GCC_WARN_FOUR_CHARACTER_CONSTANTS = YES;
				GCC_WARN_INITIALIZER_NOT_FULLY_BRACKETED = YES;
				GCC_WARN_SHADOW = YES;
				GCC_WARN_SIGN_COMPARE = YES;
				GCC_WARN_UNDECLARED_SELECTOR = YES;
				GCC_WARN_UNINITIALIZED_AUTOS = YES_AGGRESSIVE;
				GCC_WARN_UNKNOWN_PRAGMAS = YES;
				GCC_WARN_UNUSED_FUNCTION = YES;
				GCC_WARN_UNUSED_LABEL = YES;
				GCC_WARN_UNUSED_PARAMETER = YES;
				GCC_WARN_UNUSED_VARIABLE = YES;
				IPHONEOS_DEPLOYMENT_TARGET = 8.0;
				MACOSX_DEPLOYMENT_TARGET = 10.10;
				MTL_ENABLE_DEBUG_INFO = NO;
				OTHER_SWIFT_FLAGS = "-Xfrontend -warn-long-expression-type-checking=100 -Xfrontend -warn-long-function-bodies=100";
				PRODUCT_NAME = Queuer;
				SWIFT_COMPILATION_MODE = wholemodule;
				SWIFT_SWIFT3_OBJC_INFERENCE = Off;
				SWIFT_VERSION = 5.1;
				TARGETED_DEVICE_FAMILY = "1,2";
				TVOS_DEPLOYMENT_TARGET = 9.0;
				VALIDATE_PRODUCT = YES;
				VERSIONING_SYSTEM = "apple-generic";
				VERSION_INFO_PREFIX = "";
				WATCHOS_DEPLOYMENT_TARGET = 3.0;
			};
			name = Release;
		};
		4995D74E1F21E19C00A34E6E /* Debug */ = {
			isa = XCBuildConfiguration;
			buildSettings = {
				APPLICATION_EXTENSION_API_ONLY = YES;
				CLANG_ENABLE_MODULES = YES;
				DEFINES_MODULE = YES;
				DEVELOPMENT_TEAM = "";
				DYLIB_COMPATIBILITY_VERSION = 1;
				DYLIB_CURRENT_VERSION = 1;
				DYLIB_INSTALL_NAME_BASE = "@rpath";
				INFOPLIST_FILE = "$(SRCROOT)/Sources/Info.plist";
				INSTALL_PATH = "$(LOCAL_LIBRARY_DIR)/Frameworks";
				LD_RUNPATH_SEARCH_PATHS = "$(inherited) @executable_path/Frameworks @loader_path/Frameworks";
				PRODUCT_BUNDLE_IDENTIFIER = "com.FabrizioBrancati.Queuer-iOS";
				PROVISIONING_PROFILE_SPECIFIER = "";
				SDKROOT = iphoneos;
				SKIP_INSTALL = YES;
			};
			name = Debug;
		};
		4995D74F1F21E19C00A34E6E /* Release */ = {
			isa = XCBuildConfiguration;
			buildSettings = {
				APPLICATION_EXTENSION_API_ONLY = YES;
				CLANG_ENABLE_MODULES = YES;
				DEFINES_MODULE = YES;
				DEVELOPMENT_TEAM = "";
				DYLIB_COMPATIBILITY_VERSION = 1;
				DYLIB_CURRENT_VERSION = 1;
				DYLIB_INSTALL_NAME_BASE = "@rpath";
				INFOPLIST_FILE = "$(SRCROOT)/Sources/Info.plist";
				INSTALL_PATH = "$(LOCAL_LIBRARY_DIR)/Frameworks";
				LD_RUNPATH_SEARCH_PATHS = "$(inherited) @executable_path/Frameworks @loader_path/Frameworks";
				PRODUCT_BUNDLE_IDENTIFIER = "com.FabrizioBrancati.Queuer-iOS";
				PROVISIONING_PROFILE_SPECIFIER = "";
				SDKROOT = iphoneos;
				SKIP_INSTALL = YES;
			};
			name = Release;
		};
		4995D7511F21E19C00A34E6E /* Debug */ = {
			isa = XCBuildConfiguration;
			buildSettings = {
				ALWAYS_EMBED_SWIFT_STANDARD_LIBRARIES = YES;
				"CODE_SIGN_IDENTITY[sdk=iphoneos*]" = "";
				DEVELOPMENT_TEAM = "";
				INFOPLIST_FILE = Tests/Info.plist;
				LD_RUNPATH_SEARCH_PATHS = "$(inherited) @executable_path/Frameworks @loader_path/Frameworks";
				PRODUCT_BUNDLE_IDENTIFIER = com.FabrizioBrancati.QueuerTests;
				PRODUCT_MODULE_NAME = "$(PRODUCT_NAME:c99extidentifier)";
				PRODUCT_NAME = "$(TARGET_NAME)";
				PROVISIONING_PROFILE_SPECIFIER = "";
				SDKROOT = iphoneos;
				SWIFT_VERSION = 5.1;
			};
			name = Debug;
		};
		4995D7521F21E19C00A34E6E /* Release */ = {
			isa = XCBuildConfiguration;
			buildSettings = {
				ALWAYS_EMBED_SWIFT_STANDARD_LIBRARIES = YES;
				"CODE_SIGN_IDENTITY[sdk=iphoneos*]" = "";
				DEVELOPMENT_TEAM = "";
				INFOPLIST_FILE = Tests/Info.plist;
				LD_RUNPATH_SEARCH_PATHS = "$(inherited) @executable_path/Frameworks @loader_path/Frameworks";
				PRODUCT_BUNDLE_IDENTIFIER = com.FabrizioBrancati.QueuerTests;
				PRODUCT_MODULE_NAME = "$(PRODUCT_NAME:c99extidentifier)";
				PRODUCT_NAME = "$(TARGET_NAME)";
				PROVISIONING_PROFILE_SPECIFIER = "";
				SDKROOT = iphoneos;
				SWIFT_VERSION = 5.1;
			};
			name = Release;
		};
		4995D75E1F21EA3F00A34E6E /* Debug */ = {
			isa = XCBuildConfiguration;
			buildSettings = {
				APPLICATION_EXTENSION_API_ONLY = YES;
				CODE_SIGN_IDENTITY = "";
				DEFINES_MODULE = YES;
				DEVELOPMENT_TEAM = "";
				DYLIB_COMPATIBILITY_VERSION = 1;
				DYLIB_CURRENT_VERSION = 1;
				DYLIB_INSTALL_NAME_BASE = "@rpath";
				INFOPLIST_FILE = "$(SRCROOT)/Sources/Info.plist";
				INSTALL_PATH = "$(LOCAL_LIBRARY_DIR)/Frameworks";
				LD_RUNPATH_SEARCH_PATHS = "$(inherited) @executable_path/Frameworks @loader_path/Frameworks";
				PRODUCT_BUNDLE_IDENTIFIER = "com.FabrizioBrancati.Queuer-watchOS";
				PROVISIONING_PROFILE_SPECIFIER = "";
				SDKROOT = watchos;
				SKIP_INSTALL = YES;
				TARGETED_DEVICE_FAMILY = 4;
			};
			name = Debug;
		};
		4995D75F1F21EA3F00A34E6E /* Release */ = {
			isa = XCBuildConfiguration;
			buildSettings = {
				APPLICATION_EXTENSION_API_ONLY = YES;
				CODE_SIGN_IDENTITY = "";
				DEFINES_MODULE = YES;
				DEVELOPMENT_TEAM = "";
				DYLIB_COMPATIBILITY_VERSION = 1;
				DYLIB_CURRENT_VERSION = 1;
				DYLIB_INSTALL_NAME_BASE = "@rpath";
				INFOPLIST_FILE = "$(SRCROOT)/Sources/Info.plist";
				INSTALL_PATH = "$(LOCAL_LIBRARY_DIR)/Frameworks";
				LD_RUNPATH_SEARCH_PATHS = "$(inherited) @executable_path/Frameworks @loader_path/Frameworks";
				PRODUCT_BUNDLE_IDENTIFIER = "com.FabrizioBrancati.Queuer-watchOS";
				PROVISIONING_PROFILE_SPECIFIER = "";
				SDKROOT = watchos;
				SKIP_INSTALL = YES;
				TARGETED_DEVICE_FAMILY = 4;
			};
			name = Release;
		};
		4995D7781F21ED1C00A34E6E /* Debug */ = {
			isa = XCBuildConfiguration;
			buildSettings = {
				APPLICATION_EXTENSION_API_ONLY = YES;
				CODE_SIGN_IDENTITY = "";
				DEFINES_MODULE = YES;
				DEVELOPMENT_TEAM = "";
				DYLIB_COMPATIBILITY_VERSION = 1;
				DYLIB_CURRENT_VERSION = 1;
				DYLIB_INSTALL_NAME_BASE = "@rpath";
				INFOPLIST_FILE = "$(SRCROOT)/Sources/Info.plist";
				INSTALL_PATH = "$(LOCAL_LIBRARY_DIR)/Frameworks";
				LD_RUNPATH_SEARCH_PATHS = "$(inherited) @executable_path/Frameworks @loader_path/Frameworks";
				PRODUCT_BUNDLE_IDENTIFIER = "com.FabrizioBrancati.Queuer-tvOS";
				PROVISIONING_PROFILE_SPECIFIER = "";
				SDKROOT = appletvos;
				SKIP_INSTALL = YES;
				TARGETED_DEVICE_FAMILY = 3;
			};
			name = Debug;
		};
		4995D7791F21ED1C00A34E6E /* Release */ = {
			isa = XCBuildConfiguration;
			buildSettings = {
				APPLICATION_EXTENSION_API_ONLY = YES;
				CODE_SIGN_IDENTITY = "";
				DEFINES_MODULE = YES;
				DEVELOPMENT_TEAM = "";
				DYLIB_COMPATIBILITY_VERSION = 1;
				DYLIB_CURRENT_VERSION = 1;
				DYLIB_INSTALL_NAME_BASE = "@rpath";
				INFOPLIST_FILE = "$(SRCROOT)/Sources/Info.plist";
				INSTALL_PATH = "$(LOCAL_LIBRARY_DIR)/Frameworks";
				LD_RUNPATH_SEARCH_PATHS = "$(inherited) @executable_path/Frameworks @loader_path/Frameworks";
				PRODUCT_BUNDLE_IDENTIFIER = "com.FabrizioBrancati.Queuer-tvOS";
				PROVISIONING_PROFILE_SPECIFIER = "";
				SDKROOT = appletvos;
				SKIP_INSTALL = YES;
				TARGETED_DEVICE_FAMILY = 3;
			};
			name = Release;
		};
		4995D77B1F21ED1C00A34E6E /* Debug */ = {
			isa = XCBuildConfiguration;
			buildSettings = {
				ALWAYS_EMBED_SWIFT_STANDARD_LIBRARIES = YES;
				CODE_SIGN_IDENTITY = "";
				DEVELOPMENT_TEAM = "";
				INFOPLIST_FILE = Tests/Info.plist;
				LD_RUNPATH_SEARCH_PATHS = "$(inherited) @executable_path/Frameworks @loader_path/Frameworks";
				PRODUCT_BUNDLE_IDENTIFIER = com.FabrizioBrancati.QueuerTests;
				PRODUCT_NAME = "$(TARGET_NAME)";
				PROVISIONING_PROFILE_SPECIFIER = "";
				SDKROOT = appletvos;
				TVOS_DEPLOYMENT_TARGET = 10.2;
			};
			name = Debug;
		};
		4995D77C1F21ED1C00A34E6E /* Release */ = {
			isa = XCBuildConfiguration;
			buildSettings = {
				ALWAYS_EMBED_SWIFT_STANDARD_LIBRARIES = YES;
				CODE_SIGN_IDENTITY = "";
				DEVELOPMENT_TEAM = "";
				INFOPLIST_FILE = Tests/Info.plist;
				LD_RUNPATH_SEARCH_PATHS = "$(inherited) @executable_path/Frameworks @loader_path/Frameworks";
				PRODUCT_BUNDLE_IDENTIFIER = com.FabrizioBrancati.QueuerTests;
				PRODUCT_NAME = "$(TARGET_NAME)";
				PROVISIONING_PROFILE_SPECIFIER = "";
				SDKROOT = appletvos;
				TVOS_DEPLOYMENT_TARGET = 10.2;
			};
			name = Release;
		};
/* End XCBuildConfiguration section */

/* Begin XCConfigurationList section */
		493F57311F21F32B009EC8FA /* Build configuration list for PBXNativeTarget "Queuer macOS" */ = {
			isa = XCConfigurationList;
			buildConfigurations = (
				493F57321F21F32B009EC8FA /* Debug */,
				493F57331F21F32B009EC8FA /* Release */,
			);
			defaultConfigurationIsVisible = 0;
			defaultConfigurationName = Release;
		};
		493F57341F21F32B009EC8FA /* Build configuration list for PBXNativeTarget "QueuerTests macOS" */ = {
			isa = XCConfigurationList;
			buildConfigurations = (
				493F57351F21F32B009EC8FA /* Debug */,
				493F57361F21F32B009EC8FA /* Release */,
			);
			defaultConfigurationIsVisible = 0;
			defaultConfigurationName = Release;
		};
		4995D7331F21E19B00A34E6E /* Build configuration list for PBXProject "Queuer" */ = {
			isa = XCConfigurationList;
			buildConfigurations = (
				4995D74B1F21E19C00A34E6E /* Debug */,
				4995D74C1F21E19C00A34E6E /* Release */,
			);
			defaultConfigurationIsVisible = 0;
			defaultConfigurationName = Release;
		};
		4995D74D1F21E19C00A34E6E /* Build configuration list for PBXNativeTarget "Queuer iOS" */ = {
			isa = XCConfigurationList;
			buildConfigurations = (
				4995D74E1F21E19C00A34E6E /* Debug */,
				4995D74F1F21E19C00A34E6E /* Release */,
			);
			defaultConfigurationIsVisible = 0;
			defaultConfigurationName = Release;
		};
		4995D7501F21E19C00A34E6E /* Build configuration list for PBXNativeTarget "QueuerTests iOS" */ = {
			isa = XCConfigurationList;
			buildConfigurations = (
				4995D7511F21E19C00A34E6E /* Debug */,
				4995D7521F21E19C00A34E6E /* Release */,
			);
			defaultConfigurationIsVisible = 0;
			defaultConfigurationName = Release;
		};
		4995D75D1F21EA3F00A34E6E /* Build configuration list for PBXNativeTarget "Queuer watchOS" */ = {
			isa = XCConfigurationList;
			buildConfigurations = (
				4995D75E1F21EA3F00A34E6E /* Debug */,
				4995D75F1F21EA3F00A34E6E /* Release */,
			);
			defaultConfigurationIsVisible = 0;
			defaultConfigurationName = Release;
		};
		4995D7771F21ED1C00A34E6E /* Build configuration list for PBXNativeTarget "Queuer tvOS" */ = {
			isa = XCConfigurationList;
			buildConfigurations = (
				4995D7781F21ED1C00A34E6E /* Debug */,
				4995D7791F21ED1C00A34E6E /* Release */,
			);
			defaultConfigurationIsVisible = 0;
			defaultConfigurationName = Release;
		};
		4995D77A1F21ED1C00A34E6E /* Build configuration list for PBXNativeTarget "QueuerTests tvOS" */ = {
			isa = XCConfigurationList;
			buildConfigurations = (
				4995D77B1F21ED1C00A34E6E /* Debug */,
				4995D77C1F21ED1C00A34E6E /* Release */,
			);
			defaultConfigurationIsVisible = 0;
			defaultConfigurationName = Release;
		};
/* End XCConfigurationList section */
	};
	rootObject = 4995D7301F21E19B00A34E6E /* Project object */;
}
